
Microsoft Visual Studio Solution File, Format Version 12.00
# Visual Studio Version 17
VisualStudioVersion = 17.9.34607.119
MinimumVisualStudioVersion = 10.0.40219.1
Project("{9A19103F-16F7-4668-BE54-9A1E7A4F7556}") = "Be.Auto.Servicestack.OrmLite.Devexpress", "Be.Auto.Servicestack.OrmLite.Devexpress\Be.Auto.Servicestack.OrmLite.Devexpress.csproj", "{7004FA4A-0500-4CA9-B719-803A84F99B3B}"
EndProject
Project("{FAE04EC0-301F-11D3-BF4B-00C04F79EFBC}") = "Demo", "Demo\Demo.csproj", "{C7D15E36-B4E2-4E93-997A-0C8D4C9F6BB6}"
EndProject
Global
	GlobalSection(SolutionConfigurationPlatforms) = preSolution
		Debug|Any CPU = Debug|Any CPU
		Release|Any CPU = Release|Any CPU
	EndGlobalSection
	GlobalSection(ProjectConfigurationPlatforms) = postSolution
		{7004FA4A-0500-4CA9-B719-803A84F99B3B}.Debug|Any CPU.ActiveCfg = Debug|Any CPU
		{7004FA4A-0500-4CA9-B719-803A84F99B3B}.Debug|Any CPU.Build.0 = Debug|Any CPU
		{7004FA4A-0500-4CA9-B719-803A84F99B3B}.Release|Any CPU.ActiveCfg = Release|Any CPU
		{7004FA4A-0500-4CA9-B719-803A84F99B3B}.Release|Any CPU.Build.0 = Release|Any CPU
		{C7D15E36-B4E2-4E93-997A-0C8D4C9F6BB6}.Debug|Any CPU.ActiveCfg = Debug|Any CPU
		{C7D15E36-B4E2-4E93-997A-0C8D4C9F6BB6}.Debug|Any CPU.Build.0 = Debug|Any CPU
		{C7D15E36-B4E2-4E93-997A-0C8D4C9F6BB6}.Release|Any CPU.ActiveCfg = Release|Any CPU
		{C7D15E36-B4E2-4E93-997A-0C8D4C9F6BB6}.Release|Any CPU.Build.0 = Release|Any CPU
	EndGlobalSection
	GlobalSection(SolutionProperties) = preSolution
		HideSolutionNode = FALSE
	EndGlobalSection
	GlobalSection(ExtensibilityGlobals) = postSolution
		SolutionGuid = {85385249-C874-4E2E-A794-23F99A4DE356}
	EndGlobalSection
EndGlobal
